
Microsoft Visual Studio Solution File, Format Version 12.00
# Visual Studio Version 17
VisualStudioVersion = 17.11.35222.181
MinimumVisualStudioVersion = 10.0.40219.1
Project("{FAE04EC0-301F-11D3-BF4B-00C04F79EFBC}") = "TDVersionExplorer", "TDVersionExplorer\TDVersionExplorer.csproj", "{46F2BBAE-B220-4CE4-8260-C26FB77F017C}"
	ProjectSection(ProjectDependencies) = postProject
		{1FF558C1-C858-4697-917A-484FE3BE495A} = {1FF558C1-C858-4697-917A-484FE3BE495A}
	EndProjectSection
EndProject
Project("{FAE04EC0-301F-11D3-BF4B-00C04F79EFBC}") = "TDVersionConverter", "TDVersionConverter\TDVersionConverter.csproj", "{1FF558C1-C858-4697-917A-484FE3BE495A}"
EndProject
Global
	GlobalSection(SolutionConfigurationPlatforms) = preSolution
		Debug|Any CPU = Debug|Any CPU
		Release|Any CPU = Release|Any CPU
	EndGlobalSection
	GlobalSection(ProjectConfigurationPlatforms) = postSolution
		{46F2BBAE-B220-4CE4-8260-C26FB77F017C}.Debug|Any CPU.ActiveCfg = Debug|Any CPU
		{46F2BBAE-B220-4CE4-8260-C26FB77F017C}.Debug|Any CPU.Build.0 = Debug|Any CPU
		{46F2BBAE-B220-4CE4-8260-C26FB77F017C}.Release|Any CPU.ActiveCfg = Release|Any CPU
		{46F2BBAE-B220-4CE4-8260-C26FB77F017C}.Release|Any CPU.Build.0 = Release|Any CPU
		{1FF558C1-C858-4697-917A-484FE3BE495A}.Debug|Any CPU.ActiveCfg = Debug|Any CPU
		{1FF558C1-C858-4697-917A-484FE3BE495A}.Debug|Any CPU.Build.0 = Debug|Any CPU
		{1FF558C1-C858-4697-917A-484FE3BE495A}.Release|Any CPU.ActiveCfg = Release|Any CPU
		{1FF558C1-C858-4697-917A-484FE3BE495A}.Release|Any CPU.Build.0 = Release|Any CPU
	EndGlobalSection
	GlobalSection(SolutionProperties) = preSolution
		HideSolutionNode = FALSE
	EndGlobalSection
	GlobalSection(ExtensibilityGlobals) = postSolution
		SolutionGuid = {D0BCFA98-F39F-481E-B039-8C179BEE208C}
	EndGlobalSection
EndGlobal
